
Microsoft Visual Studio Solution File, Format Version 12.00
# Visual Studio Version 17
VisualStudioVersion = 17.0.31903.59
MinimumVisualStudioVersion = 10.0.40219.1
Project("{FAE04EC0-301F-11D3-BF4B-00C04F79EFBC}") = "API", "API\API.csproj", "{47C137F6-5980-420E-9045-12A0D41812EE}"
EndProject
Project("{FAE04EC0-301F-11D3-BF4B-00C04F79EFBC}") = "Core", "Core\Core.csproj", "{D5BCE113-0A42-4171-B0F3-E3FADA8B37D1}"
EndProject
Project("{FAE04EC0-301F-11D3-BF4B-00C04F79EFBC}") = "Infrastructure", "Infrastructure\Infrastructure.csproj", "{ADB0F723-AA34-46F3-917F-C0A73BFAD31F}"
EndProject
Global
	GlobalSection(SolutionConfigurationPlatforms) = preSolution
		Debug|Any CPU = Debug|Any CPU
		Release|Any CPU = Release|Any CPU
	EndGlobalSection
	GlobalSection(SolutionProperties) = preSolution
		HideSolutionNode = FALSE
	EndGlobalSection
	GlobalSection(ProjectConfigurationPlatforms) = postSolution
		{47C137F6-5980-420E-9045-12A0D41812EE}.Debug|Any CPU.ActiveCfg = Debug|Any CPU
		{47C137F6-5980-420E-9045-12A0D41812EE}.Debug|Any CPU.Build.0 = Debug|Any CPU
		{47C137F6-5980-420E-9045-12A0D41812EE}.Release|Any CPU.ActiveCfg = Release|Any CPU
		{47C137F6-5980-420E-9045-12A0D41812EE}.Release|Any CPU.Build.0 = Release|Any CPU
		{D5BCE113-0A42-4171-B0F3-E3FADA8B37D1}.Debug|Any CPU.ActiveCfg = Debug|Any CPU
		{D5BCE113-0A42-4171-B0F3-E3FADA8B37D1}.Debug|Any CPU.Build.0 = Debug|Any CPU
		{D5BCE113-0A42-4171-B0F3-E3FADA8B37D1}.Release|Any CPU.ActiveCfg = Release|Any CPU
		{D5BCE113-0A42-4171-B0F3-E3FADA8B37D1}.Release|Any CPU.Build.0 = Release|Any CPU
		{ADB0F723-AA34-46F3-917F-C0A73BFAD31F}.Debug|Any CPU.ActiveCfg = Debug|Any CPU
		{ADB0F723-AA34-46F3-917F-C0A73BFAD31F}.Debug|Any CPU.Build.0 = Debug|Any CPU
		{ADB0F723-AA34-46F3-917F-C0A73BFAD31F}.Release|Any CPU.ActiveCfg = Release|Any CPU
		{ADB0F723-AA34-46F3-917F-C0A73BFAD31F}.Release|Any CPU.Build.0 = Release|Any CPU
	EndGlobalSection
EndGlobal
